
Microsoft Visual Studio Solution File, Format Version 10.00
# Visual C# Express 2008
Project("{FAE04EC0-301F-11D3-BF4B-00C04F79EFBC}") = "InterfaceOfSimulator", "InterfaceOfSimulator\InterfaceOfSimulator.csproj", "{97EDC0B4-35EE-4089-81C5-AE19294EAB1D}"
EndProject
Global
	GlobalSection(SolutionConfigurationPlatforms) = preSolution
		Debug|Any CPU = Debug|Any CPU
		Release|Any CPU = Release|Any CPU
	EndGlobalSection
	GlobalSection(ProjectConfigurationPlatforms) = postSolution
		{97EDC0B4-35EE-4089-81C5-AE19294EAB1D}.Debug|Any CPU.ActiveCfg = Debug|Any CPU
		{97EDC0B4-35EE-4089-81C5-AE19294EAB1D}.Debug|Any CPU.Build.0 = Debug|Any CPU
		{97EDC0B4-35EE-4089-81C5-AE19294EAB1D}.Release|Any CPU.ActiveCfg = Release|Any CPU
		{97EDC0B4-35EE-4089-81C5-AE19294EAB1D}.Release|Any CPU.Build.0 = Release|Any CPU
	EndGlobalSection
	GlobalSection(SolutionProperties) = preSolution
		HideSolutionNode = FALSE
	EndGlobalSection
EndGlobal
